schema: '2.0'
stages:
  create_manifest@en:
    cmd: python scripts/create_manifest.py --raw-dir data/raw --lang en --output
      data/manifests/en/clean.jsonl
    deps:
    - path: data/raw/en/transcripts.txt
      hash: md5
      md5: 6c333422f869b6b1e8a4db0ee0223d4b
      size: 6259
    - path: data/raw/en/wav
      hash: md5
      md5: e5a5eb9a2c46222dbbbca0afa13240cc.dir
      size: 17929080
      nfiles: 100
    - path: scripts/create_manifest.py
      hash: md5
      md5: 1a8b0c6724e63acdae952bf3a5455cbe
      size: 4077
    outs:
    - path: data/manifests/en/clean.jsonl
      hash: md5
      md5: dd4cc362a35f71e4c93bc81c5375134f
      size: 34718
  add_noise_en_20:
    cmd: python scripts/add_noise.py --input-manifest 
      data/manifests/en/clean.jsonl --output-manifest 
      data/manifests/en/snr_20.jsonl --snr-db 20 --noisy-dir data/noisy --seed 
      42
    deps:
    - path: data/manifests/en/clean.jsonl
      hash: md5
      md5: dd4cc362a35f71e4c93bc81c5375134f
      size: 34718
    - path: scripts/add_noise.py
      hash: md5
      md5: 537a9d7d91483bc2f8e39c4f5cf1d5be
      size: 3804
    params:
      params.yaml:
        seed: 42
    outs:
    - path: data/manifests/en/snr_20.jsonl
      hash: md5
      md5: 103a95c5553a68cb11b5ba53a1bc4a7f
      size: 35418
    - path: data/noisy/en/snr_20.0
      hash: md5
      md5: 363aea283b915a9c183e36cfc1c9a0cc.dir
      size: 17925680
      nfiles: 100
  add_noise_en_10:
    cmd: python scripts/add_noise.py --input-manifest 
      data/manifests/en/clean.jsonl --output-manifest 
      data/manifests/en/snr_10.jsonl --snr-db 10 --noisy-dir data/noisy --seed 
      42
    deps:
    - path: data/manifests/en/clean.jsonl
      hash: md5
      md5: dd4cc362a35f71e4c93bc81c5375134f
      size: 34718
    - path: scripts/add_noise.py
      hash: md5
      md5: 537a9d7d91483bc2f8e39c4f5cf1d5be
      size: 3804
    params:
      params.yaml:
        seed: 42
    outs:
    - path: data/manifests/en/snr_10.jsonl
      hash: md5
      md5: d4d1e9229239259886c940149fc3f30e
      size: 35418
    - path: data/noisy/en/snr_10.0
      hash: md5
      md5: bd2e7f6ce5af71977bda48fd1df04ce7.dir
      size: 17925680
      nfiles: 100
  add_noise_en_0:
    cmd: python scripts/add_noise.py --input-manifest 
      data/manifests/en/clean.jsonl --output-manifest 
      data/manifests/en/snr_0.jsonl --snr-db 0 --noisy-dir data/noisy --seed 42
    deps:
    - path: data/manifests/en/clean.jsonl
      hash: md5
      md5: dd4cc362a35f71e4c93bc81c5375134f
      size: 34718
    - path: scripts/add_noise.py
      hash: md5
      md5: 537a9d7d91483bc2f8e39c4f5cf1d5be
      size: 3804
    params:
      params.yaml:
        seed: 42
    outs:
    - path: data/manifests/en/snr_0.jsonl
      hash: md5
      md5: 23086427df9d268322495c684e361915
      size: 35218
    - path: data/noisy/en/snr_0.0
      hash: md5
      md5: e3b8b92e685c5d0729b08f506f6e63a5.dir
      size: 17925680
      nfiles: 100
  add_noise_en_-10:
    cmd: python scripts/add_noise.py --input-manifest 
      data/manifests/en/clean.jsonl --output-manifest 
      data/manifests/en/snr_-10.jsonl --snr-db -10 --noisy-dir data/noisy --seed
      42
    deps:
    - path: data/manifests/en/clean.jsonl
      hash: md5
      md5: dd4cc362a35f71e4c93bc81c5375134f
      size: 34718
    - path: scripts/add_noise.py
      hash: md5
      md5: 537a9d7d91483bc2f8e39c4f5cf1d5be
      size: 3804
    params:
      params.yaml:
        seed: 42
    outs:
    - path: data/manifests/en/snr_-10.jsonl
      hash: md5
      md5: ca9d261f337b5d495e7638542f5563b5
      size: 35618
    - path: data/noisy/en/snr_-10.0
      hash: md5
      md5: a1a103ce84d9fb3d26db429cfe1f702e.dir
      size: 17925680
      nfiles: 100
  inference_clean@en:
    cmd: python scripts/inference.py --input-manifest 
      data/manifests/en/clean.jsonl --output-manifest 
      data/predictions/en/clean.jsonl --model-name 
      models/facebook/wav2vec2-lv-60-espeak-cv-ft
    deps:
    - path: data/manifests/en/clean.jsonl
      hash: md5
      md5: dd4cc362a35f71e4c93bc81c5375134f
      size: 34718
    - path: scripts/inference.py
      hash: md5
      md5: 57c17a8c77b7112ab57f14dce52f3fe1
      size: 3837
    params:
      params.yaml:
        model_name: models/facebook/wav2vec2-lv-60-espeak-cv-ft
    outs:
    - path: data/predictions/en/clean.jsonl
      hash: md5
      md5: 7acf8e6d1fb0d35bd21b3a0108d955ae
      size: 45291
  inference_noisy_en_20:
    cmd: python scripts/inference.py --input-manifest 
      data/manifests/en/snr_20.jsonl --output-manifest 
      data/predictions/en/snr_20.jsonl --model-name 
      models/facebook/wav2vec2-lv-60-espeak-cv-ft
    deps:
    - path: data/manifests/en/snr_20.jsonl
      hash: md5
      md5: 103a95c5553a68cb11b5ba53a1bc4a7f
      size: 35418
    - path: scripts/inference.py
      hash: md5
      md5: 57c17a8c77b7112ab57f14dce52f3fe1
      size: 3837
    params:
      params.yaml:
        model_name: models/facebook/wav2vec2-lv-60-espeak-cv-ft
    outs:
    - path: data/predictions/en/snr_20.jsonl
      hash: md5
      md5: 5df98938779c06c2089e04bda223b0b1
      size: 45784
  inference_noisy_en_10:
    cmd: python scripts/inference.py --input-manifest 
      data/manifests/en/snr_10.jsonl --output-manifest 
      data/predictions/en/snr_10.jsonl --model-name 
      models/facebook/wav2vec2-lv-60-espeak-cv-ft
    deps:
    - path: data/manifests/en/snr_10.jsonl
      hash: md5
      md5: d4d1e9229239259886c940149fc3f30e
      size: 35418
    - path: scripts/inference.py
      hash: md5
      md5: 57c17a8c77b7112ab57f14dce52f3fe1
      size: 3837
    params:
      params.yaml:
        model_name: models/facebook/wav2vec2-lv-60-espeak-cv-ft
    outs:
    - path: data/predictions/en/snr_10.jsonl
      hash: md5
      md5: b30503487b9d1c6221ed1b4acf7ad12b
      size: 44788
  inference_noisy_en_0:
    cmd: python scripts/inference.py --input-manifest 
      data/manifests/en/snr_0.jsonl --output-manifest 
      data/predictions/en/snr_0.jsonl --model-name 
      models/facebook/wav2vec2-lv-60-espeak-cv-ft
    deps:
    - path: data/manifests/en/snr_0.jsonl
      hash: md5
      md5: 23086427df9d268322495c684e361915
      size: 35218
    - path: scripts/inference.py
      hash: md5
      md5: 57c17a8c77b7112ab57f14dce52f3fe1
      size: 3837
    params:
      params.yaml:
        model_name: models/facebook/wav2vec2-lv-60-espeak-cv-ft
    outs:
    - path: data/predictions/en/snr_0.jsonl
      hash: md5
      md5: 7ba7e3f0e3850e6dcbdd0321456c5f67
      size: 42043
  inference_noisy_en_-10:
    cmd: python scripts/inference.py --input-manifest 
      data/manifests/en/snr_-10.jsonl --output-manifest 
      data/predictions/en/snr_-10.jsonl --model-name 
      models/facebook/wav2vec2-lv-60-espeak-cv-ft
    deps:
    - path: data/manifests/en/snr_-10.jsonl
      hash: md5
      md5: ca9d261f337b5d495e7638542f5563b5
      size: 35618
    - path: scripts/inference.py
      hash: md5
      md5: 57c17a8c77b7112ab57f14dce52f3fe1
      size: 3837
    params:
      params.yaml:
        model_name: models/facebook/wav2vec2-lv-60-espeak-cv-ft
    outs:
    - path: data/predictions/en/snr_-10.jsonl
      hash: md5
      md5: e62f826d9d2d393f42d013be44cc41ed
      size: 37556
  evaluate_clean@en:
    cmd: python scripts/evaluate.py --input-manifest 
      data/predictions/en/clean.jsonl --output-metrics metrics/en/clean.json
    deps:
    - path: data/predictions/en/clean.jsonl
      hash: md5
      md5: 7acf8e6d1fb0d35bd21b3a0108d955ae
      size: 45291
    - path: scripts/evaluate.py
      hash: md5
      md5: 6fe3a9ecb23460ee58b2d2d93ef56af9
      size: 3011
    outs:
    - path: metrics/en/clean.json
      hash: md5
      md5: db7c6b531471f994ff2d29c5431a451d
      size: 159
  evaluate_noisy_en_20:
    cmd: python scripts/evaluate.py --input-manifest 
      data/predictions/en/snr_20.jsonl --output-metrics metrics/en/snr_20.json
    deps:
    - path: data/predictions/en/snr_20.jsonl
      hash: md5
      md5: 5df98938779c06c2089e04bda223b0b1
      size: 45784
    - path: scripts/evaluate.py
      hash: md5
      md5: 6fe3a9ecb23460ee58b2d2d93ef56af9
      size: 3011
    outs:
    - path: metrics/en/snr_20.json
      hash: md5
      md5: aa1a867bcf7ac81b37d7354083b42dca
      size: 156
  evaluate_noisy_en_10:
    cmd: python scripts/evaluate.py --input-manifest 
      data/predictions/en/snr_10.jsonl --output-metrics metrics/en/snr_10.json
    deps:
    - path: data/predictions/en/snr_10.jsonl
      hash: md5
      md5: b30503487b9d1c6221ed1b4acf7ad12b
      size: 44788
    - path: scripts/evaluate.py
      hash: md5
      md5: 6fe3a9ecb23460ee58b2d2d93ef56af9
      size: 3011
    outs:
    - path: metrics/en/snr_10.json
      hash: md5
      md5: 82a8bdfdc4f89b43dbbd5af4e24e64e4
      size: 158
  evaluate_noisy_en_0:
    cmd: python scripts/evaluate.py --input-manifest 
      data/predictions/en/snr_0.jsonl --output-metrics metrics/en/snr_0.json
    deps:
    - path: data/predictions/en/snr_0.jsonl
      hash: md5
      md5: 7ba7e3f0e3850e6dcbdd0321456c5f67
      size: 42043
    - path: scripts/evaluate.py
      hash: md5
      md5: 6fe3a9ecb23460ee58b2d2d93ef56af9
      size: 3011
    outs:
    - path: metrics/en/snr_0.json
      hash: md5
      md5: 9d5e6caa9b52a62d8a8371f01689706e
      size: 157
  evaluate_noisy_en_-10:
    cmd: python scripts/evaluate.py --input-manifest 
      data/predictions/en/snr_-10.jsonl --output-metrics metrics/en/snr_-10.json
    deps:
    - path: data/predictions/en/snr_-10.jsonl
      hash: md5
      md5: e62f826d9d2d393f42d013be44cc41ed
      size: 37556
    - path: scripts/evaluate.py
      hash: md5
      md5: 6fe3a9ecb23460ee58b2d2d93ef56af9
      size: 3011
    outs:
    - path: metrics/en/snr_-10.json
      hash: md5
      md5: e09887f8c6ade2b94782c0d052b8ab48
      size: 159
  plot_results:
    cmd: python scripts/plot_results.py --metrics-dir metrics --output 
      plots/per_vs_snr.png
    deps:
    - path: metrics
      hash: md5
      md5: 264e2c3040e9e221f22266e474deb76d.dir
      size: 1582
      nfiles: 10
    - path: scripts/plot_results.py
      hash: md5
      md5: 0ffd1d9996c04324996d90f3773f9b87
      size: 3287
    params:
      params.yaml:
        languages:
        - en
        - fr
        snr_levels:
        - 20
        - 10
        - 0
        - -10
    outs:
    - path: plots/per_vs_snr.png
      hash: md5
      md5: d2bf63144a11ad4e8cb78e659e734231
      size: 240502
  create_manifest@fr:
    cmd: python scripts/create_manifest.py --raw-dir data/raw --lang fr --output
      data/manifests/fr/clean.jsonl
    deps:
    - path: data/raw/fr/transcripts.txt
      hash: md5
      md5: cd729ed2ec05ab294404f5881c6d6a01
      size: 6401
    - path: data/raw/fr/wav
      hash: md5
      md5: 2e4b1688dba1abf234c1d58c94300000.dir
      size: 18616682
      nfiles: 100
    - path: scripts/create_manifest.py
      hash: md5
      md5: 1a8b0c6724e63acdae952bf3a5455cbe
      size: 4077
    outs:
    - path: data/manifests/fr/clean.jsonl
      hash: md5
      md5: 53a5d8c12d4db74e91014557f3ece3ea
      size: 33303
  inference_clean@fr:
    cmd: python scripts/inference.py --input-manifest 
      data/manifests/fr/clean.jsonl --output-manifest 
      data/predictions/fr/clean.jsonl --model-name 
      models/facebook/wav2vec2-lv-60-espeak-cv-ft
    deps:
    - path: data/manifests/fr/clean.jsonl
      hash: md5
      md5: 53a5d8c12d4db74e91014557f3ece3ea
      size: 33303
    - path: scripts/inference.py
      hash: md5
      md5: 57c17a8c77b7112ab57f14dce52f3fe1
      size: 3837
    params:
      params.yaml:
        model_name: models/facebook/wav2vec2-lv-60-espeak-cv-ft
    outs:
    - path: data/predictions/fr/clean.jsonl
      hash: md5
      md5: 97968cf44d787cd270d06b747dfc7eda
      size: 42022
  evaluate_clean@fr:
    cmd: python scripts/evaluate.py --input-manifest 
      data/predictions/fr/clean.jsonl --output-metrics metrics/fr/clean.json
    deps:
    - path: data/predictions/fr/clean.jsonl
      hash: md5
      md5: 97968cf44d787cd270d06b747dfc7eda
      size: 42022
    - path: scripts/evaluate.py
      hash: md5
      md5: 6fe3a9ecb23460ee58b2d2d93ef56af9
      size: 3011
    outs:
    - path: metrics/fr/clean.json
      hash: md5
      md5: cbdb357a340c5d0a68c4efa9a590bcb1
      size: 159
  add_noise_fr_20:
    cmd: python scripts/add_noise.py --input-manifest 
      data/manifests/fr/clean.jsonl --output-manifest 
      data/manifests/fr/snr_20.jsonl --snr-db 20 --noisy-dir data/noisy --seed 
      42
    deps:
    - path: data/manifests/fr/clean.jsonl
      hash: md5
      md5: 53a5d8c12d4db74e91014557f3ece3ea
      size: 33303
    - path: scripts/add_noise.py
      hash: md5
      md5: 537a9d7d91483bc2f8e39c4f5cf1d5be
      size: 3804
    params:
      params.yaml:
        seed: 42
    outs:
    - path: data/manifests/fr/snr_20.jsonl
      hash: md5
      md5: bd6666efa0718749184e62caa1a50035
      size: 34003
    - path: data/noisy/fr/snr_20.0
      hash: md5
      md5: bd378c56078904e312f2e2edc55715e5.dir
      size: 18613282
      nfiles: 100
  add_noise_fr_10:
    cmd: python scripts/add_noise.py --input-manifest 
      data/manifests/fr/clean.jsonl --output-manifest 
      data/manifests/fr/snr_10.jsonl --snr-db 10 --noisy-dir data/noisy --seed 
      42
    deps:
    - path: data/manifests/fr/clean.jsonl
      hash: md5
      md5: 53a5d8c12d4db74e91014557f3ece3ea
      size: 33303
    - path: scripts/add_noise.py
      hash: md5
      md5: 537a9d7d91483bc2f8e39c4f5cf1d5be
      size: 3804
    params:
      params.yaml:
        seed: 42
    outs:
    - path: data/manifests/fr/snr_10.jsonl
      hash: md5
      md5: e816122b94ca33b82af5d540f2295682
      size: 34003
    - path: data/noisy/fr/snr_10.0
      hash: md5
      md5: da3c581f68148bdaa2b80e7767f53c34.dir
      size: 18613282
      nfiles: 100
  add_noise_fr_0:
    cmd: python scripts/add_noise.py --input-manifest 
      data/manifests/fr/clean.jsonl --output-manifest 
      data/manifests/fr/snr_0.jsonl --snr-db 0 --noisy-dir data/noisy --seed 42
    deps:
    - path: data/manifests/fr/clean.jsonl
      hash: md5
      md5: 53a5d8c12d4db74e91014557f3ece3ea
      size: 33303
    - path: scripts/add_noise.py
      hash: md5
      md5: 537a9d7d91483bc2f8e39c4f5cf1d5be
      size: 3804
    params:
      params.yaml:
        seed: 42
    outs:
    - path: data/manifests/fr/snr_0.jsonl
      hash: md5
      md5: 71eefc823e6f3c067901d8f696cf1307
      size: 33803
    - path: data/noisy/fr/snr_0.0
      hash: md5
      md5: 24532b7a0f23cf825789b8d96938284f.dir
      size: 18613282
      nfiles: 100
  add_noise_fr_-10:
    cmd: python scripts/add_noise.py --input-manifest 
      data/manifests/fr/clean.jsonl --output-manifest 
      data/manifests/fr/snr_-10.jsonl --snr-db -10 --noisy-dir data/noisy --seed
      42
    deps:
    - path: data/manifests/fr/clean.jsonl
      hash: md5
      md5: 53a5d8c12d4db74e91014557f3ece3ea
      size: 33303
    - path: scripts/add_noise.py
      hash: md5
      md5: 537a9d7d91483bc2f8e39c4f5cf1d5be
      size: 3804
    params:
      params.yaml:
        seed: 42
    outs:
    - path: data/manifests/fr/snr_-10.jsonl
      hash: md5
      md5: 44bc27bcd8239618b4dc32bacc2c744f
      size: 34203
    - path: data/noisy/fr/snr_-10.0
      hash: md5
      md5: 75990c8d90844443547f3eabcfa2c8bf.dir
      size: 18613282
      nfiles: 100
  inference_noisy_fr_20:
    cmd: python scripts/inference.py --input-manifest 
      data/manifests/fr/snr_20.jsonl --output-manifest 
      data/predictions/fr/snr_20.jsonl --model-name 
      models/facebook/wav2vec2-lv-60-espeak-cv-ft
    deps:
    - path: data/manifests/fr/snr_20.jsonl
      hash: md5
      md5: bd6666efa0718749184e62caa1a50035
      size: 34003
    - path: scripts/inference.py
      hash: md5
      md5: 57c17a8c77b7112ab57f14dce52f3fe1
      size: 3837
    params:
      params.yaml:
        model_name: models/facebook/wav2vec2-lv-60-espeak-cv-ft
    outs:
    - path: data/predictions/fr/snr_20.jsonl
      hash: md5
      md5: b3f93e44ae097e2be32c1c1f39fad9de
      size: 42589
  inference_noisy_fr_10:
    cmd: python scripts/inference.py --input-manifest 
      data/manifests/fr/snr_10.jsonl --output-manifest 
      data/predictions/fr/snr_10.jsonl --model-name 
      models/facebook/wav2vec2-lv-60-espeak-cv-ft
    deps:
    - path: data/manifests/fr/snr_10.jsonl
      hash: md5
      md5: e816122b94ca33b82af5d540f2295682
      size: 34003
    - path: scripts/inference.py
      hash: md5
      md5: 57c17a8c77b7112ab57f14dce52f3fe1
      size: 3837
    params:
      params.yaml:
        model_name: models/facebook/wav2vec2-lv-60-espeak-cv-ft
    outs:
    - path: data/predictions/fr/snr_10.jsonl
      hash: md5
      md5: 90fbff8fc66da2b745d605010d5f8204
      size: 42033
  inference_noisy_fr_0:
    cmd: python scripts/inference.py --input-manifest 
      data/manifests/fr/snr_0.jsonl --output-manifest 
      data/predictions/fr/snr_0.jsonl --model-name 
      models/facebook/wav2vec2-lv-60-espeak-cv-ft
    deps:
    - path: data/manifests/fr/snr_0.jsonl
      hash: md5
      md5: 71eefc823e6f3c067901d8f696cf1307
      size: 33803
    - path: scripts/inference.py
      hash: md5
      md5: 57c17a8c77b7112ab57f14dce52f3fe1
      size: 3837
    params:
      params.yaml:
        model_name: models/facebook/wav2vec2-lv-60-espeak-cv-ft
    outs:
    - path: data/predictions/fr/snr_0.jsonl
      hash: md5
      md5: 2fa98d0249c6c21cd7c76174ac92b51d
      size: 40210
  inference_noisy_fr_-10:
    cmd: python scripts/inference.py --input-manifest 
      data/manifests/fr/snr_-10.jsonl --output-manifest 
      data/predictions/fr/snr_-10.jsonl --model-name 
      models/facebook/wav2vec2-lv-60-espeak-cv-ft
    deps:
    - path: data/manifests/fr/snr_-10.jsonl
      hash: md5
      md5: 44bc27bcd8239618b4dc32bacc2c744f
      size: 34203
    - path: scripts/inference.py
      hash: md5
      md5: 57c17a8c77b7112ab57f14dce52f3fe1
      size: 3837
    params:
      params.yaml:
        model_name: models/facebook/wav2vec2-lv-60-espeak-cv-ft
    outs:
    - path: data/predictions/fr/snr_-10.jsonl
      hash: md5
      md5: feef436addad76397832d63d27ffb894
      size: 36193
  evaluate_noisy_fr_20:
    cmd: python scripts/evaluate.py --input-manifest 
      data/predictions/fr/snr_20.jsonl --output-metrics metrics/fr/snr_20.json
    deps:
    - path: data/predictions/fr/snr_20.jsonl
      hash: md5
      md5: b3f93e44ae097e2be32c1c1f39fad9de
      size: 42589
    - path: scripts/evaluate.py
      hash: md5
      md5: 6fe3a9ecb23460ee58b2d2d93ef56af9
      size: 3011
    outs:
    - path: metrics/fr/snr_20.json
      hash: md5
      md5: f6af60d440fca22e647034aefafc3c6b
      size: 158
  evaluate_noisy_fr_10:
    cmd: python scripts/evaluate.py --input-manifest 
      data/predictions/fr/snr_10.jsonl --output-metrics metrics/fr/snr_10.json
    deps:
    - path: data/predictions/fr/snr_10.jsonl
      hash: md5
      md5: 90fbff8fc66da2b745d605010d5f8204
      size: 42033
    - path: scripts/evaluate.py
      hash: md5
      md5: 6fe3a9ecb23460ee58b2d2d93ef56af9
      size: 3011
    outs:
    - path: metrics/fr/snr_10.json
      hash: md5
      md5: 53bf7e467eccc540c87d5c8b757c6a71
      size: 158
  evaluate_noisy_fr_0:
    cmd: python scripts/evaluate.py --input-manifest 
      data/predictions/fr/snr_0.jsonl --output-metrics metrics/fr/snr_0.json
    deps:
    - path: data/predictions/fr/snr_0.jsonl
      hash: md5
      md5: 2fa98d0249c6c21cd7c76174ac92b51d
      size: 40210
    - path: scripts/evaluate.py
      hash: md5
      md5: 6fe3a9ecb23460ee58b2d2d93ef56af9
      size: 3011
    outs:
    - path: metrics/fr/snr_0.json
      hash: md5
      md5: 5c725fbc3c3dc4e37bebd2363fa9b3ef
      size: 157
  evaluate_noisy_fr_-10:
    cmd: python scripts/evaluate.py --input-manifest 
      data/predictions/fr/snr_-10.jsonl --output-metrics metrics/fr/snr_-10.json
    deps:
    - path: data/predictions/fr/snr_-10.jsonl
      hash: md5
      md5: feef436addad76397832d63d27ffb894
      size: 36193
    - path: scripts/evaluate.py
      hash: md5
      md5: 6fe3a9ecb23460ee58b2d2d93ef56af9
      size: 3011
    outs:
    - path: metrics/fr/snr_-10.json
      hash: md5
      md5: 736193bc161a615b0909ad0f092352ea
      size: 159
  add_noise@en_20:
    cmd: python scripts/add_noise.py --input-manifest 
      data/manifests/en/clean.jsonl --output-manifest 
      data/manifests/en/snr_20.jsonl --snr-db 20 --noisy-dir data/noisy --seed 
      42
    deps:
    - path: data/manifests/en/clean.jsonl
      hash: md5
      md5: dd4cc362a35f71e4c93bc81c5375134f
      size: 34718
    - path: scripts/add_noise.py
      hash: md5
      md5: 4bf7fd1c285d35eacef31e936da2066b
      size: 4613
    params:
      params.yaml:
        seed: 42
    outs:
    - path: data/manifests/en/snr_20.jsonl
      hash: md5
      md5: a072d5d505e31e85165a60293c1e9189
      size: 35418
    - path: data/noisy/en/snr_20.0
      hash: md5
      md5: 12023ac3f8bcbe4d166a14a995aeff70.dir
      size: 17925680
      nfiles: 100
  add_noise@en_10:
    cmd: python scripts/add_noise.py --input-manifest 
      data/manifests/en/clean.jsonl --output-manifest 
      data/manifests/en/snr_10.jsonl --snr-db 10 --noisy-dir data/noisy --seed 
      42
    deps:
    - path: data/manifests/en/clean.jsonl
      hash: md5
      md5: dd4cc362a35f71e4c93bc81c5375134f
      size: 34718
    - path: scripts/add_noise.py
      hash: md5
      md5: 4bf7fd1c285d35eacef31e936da2066b
      size: 4613
    params:
      params.yaml:
        seed: 42
    outs:
    - path: data/manifests/en/snr_10.jsonl
      hash: md5
      md5: 97e2bc236da577a62bd66cf308d9d20a
      size: 35418
    - path: data/noisy/en/snr_10.0
      hash: md5
      md5: 6b87f6bdba365f869f354ca1afb3a302.dir
      size: 17925680
      nfiles: 100
  add_noise@en_0:
    cmd: python scripts/add_noise.py --input-manifest 
      data/manifests/en/clean.jsonl --output-manifest 
      data/manifests/en/snr_0.jsonl --snr-db 0 --noisy-dir data/noisy --seed 42
    deps:
    - path: data/manifests/en/clean.jsonl
      hash: md5
      md5: dd4cc362a35f71e4c93bc81c5375134f
      size: 34718
    - path: scripts/add_noise.py
      hash: md5
      md5: 4bf7fd1c285d35eacef31e936da2066b
      size: 4613
    params:
      params.yaml:
        seed: 42
    outs:
    - path: data/manifests/en/snr_0.jsonl
      hash: md5
      md5: d0a80d21fa015ed236fb81889ace8d3d
      size: 35218
    - path: data/noisy/en/snr_0.0
      hash: md5
      md5: 3385285bd2788d1d2c5e21fb090b3f94.dir
      size: 17925680
      nfiles: 100
  add_noise@en_-10:
    cmd: python scripts/add_noise.py --input-manifest 
      data/manifests/en/clean.jsonl --output-manifest 
      data/manifests/en/snr_-10.jsonl --snr-db -10 --noisy-dir data/noisy --seed
      42
    deps:
    - path: data/manifests/en/clean.jsonl
      hash: md5
      md5: dd4cc362a35f71e4c93bc81c5375134f
      size: 34718
    - path: scripts/add_noise.py
      hash: md5
      md5: 4bf7fd1c285d35eacef31e936da2066b
      size: 4613
    params:
      params.yaml:
        seed: 42
    outs:
    - path: data/manifests/en/snr_-10.jsonl
      hash: md5
      md5: e45657029079104cf621f00ebc63c497
      size: 35618
    - path: data/noisy/en/snr_-10.0
      hash: md5
      md5: 6fd88a52f35704f052374c1348fff16d.dir
      size: 17925680
      nfiles: 100
  add_noise@fr_20:
    cmd: python scripts/add_noise.py --input-manifest 
      data/manifests/fr/clean.jsonl --output-manifest 
      data/manifests/fr/snr_20.jsonl --snr-db 20 --noisy-dir data/noisy --seed 
      42
    deps:
    - path: data/manifests/fr/clean.jsonl
      hash: md5
      md5: 53a5d8c12d4db74e91014557f3ece3ea
      size: 33303
    - path: scripts/add_noise.py
      hash: md5
      md5: 4bf7fd1c285d35eacef31e936da2066b
      size: 4613
    params:
      params.yaml:
        seed: 42
    outs:
    - path: data/manifests/fr/snr_20.jsonl
      hash: md5
      md5: d475998f666782afeb276c70fd82cb1a
      size: 34003
    - path: data/noisy/fr/snr_20.0
      hash: md5
      md5: 1a358ec33c44925972c9732d6e896c0c.dir
      size: 18613282
      nfiles: 100
  add_noise@fr_10:
    cmd: python scripts/add_noise.py --input-manifest 
      data/manifests/fr/clean.jsonl --output-manifest 
      data/manifests/fr/snr_10.jsonl --snr-db 10 --noisy-dir data/noisy --seed 
      42
    deps:
    - path: data/manifests/fr/clean.jsonl
      hash: md5
      md5: 53a5d8c12d4db74e91014557f3ece3ea
      size: 33303
    - path: scripts/add_noise.py
      hash: md5
      md5: 4bf7fd1c285d35eacef31e936da2066b
      size: 4613
    params:
      params.yaml:
        seed: 42
    outs:
    - path: data/manifests/fr/snr_10.jsonl
      hash: md5
      md5: 7d89ab9110a48fa74f3262dfe5510f51
      size: 34003
    - path: data/noisy/fr/snr_10.0
      hash: md5
      md5: 3907dbb58b699ec23d60fb724f1dd017.dir
      size: 18613282
      nfiles: 100
  add_noise@fr_0:
    cmd: python scripts/add_noise.py --input-manifest 
      data/manifests/fr/clean.jsonl --output-manifest 
      data/manifests/fr/snr_0.jsonl --snr-db 0 --noisy-dir data/noisy --seed 42
    deps:
    - path: data/manifests/fr/clean.jsonl
      hash: md5
      md5: 53a5d8c12d4db74e91014557f3ece3ea
      size: 33303
    - path: scripts/add_noise.py
      hash: md5
      md5: 4bf7fd1c285d35eacef31e936da2066b
      size: 4613
    params:
      params.yaml:
        seed: 42
    outs:
    - path: data/manifests/fr/snr_0.jsonl
      hash: md5
      md5: a8175db210893dd2eac426585fb7d55e
      size: 33803
    - path: data/noisy/fr/snr_0.0
      hash: md5
      md5: 522e9d402af23da3bd80b901dffe763f.dir
      size: 18613282
      nfiles: 100
  add_noise@fr_-10:
    cmd: python scripts/add_noise.py --input-manifest 
      data/manifests/fr/clean.jsonl --output-manifest 
      data/manifests/fr/snr_-10.jsonl --snr-db -10 --noisy-dir data/noisy --seed
      42
    deps:
    - path: data/manifests/fr/clean.jsonl
      hash: md5
      md5: 53a5d8c12d4db74e91014557f3ece3ea
      size: 33303
    - path: scripts/add_noise.py
      hash: md5
      md5: 4bf7fd1c285d35eacef31e936da2066b
      size: 4613
    params:
      params.yaml:
        seed: 42
    outs:
    - path: data/manifests/fr/snr_-10.jsonl
      hash: md5
      md5: b350db73d48f5cdb99d0591f817a4ddf
      size: 34203
    - path: data/noisy/fr/snr_-10.0
      hash: md5
      md5: ddc6a685cce7c2ab8b7e50e5cfdf7ac1.dir
      size: 18613282
      nfiles: 100
  inference_noisy@en_20:
    cmd: python scripts/inference.py --input-manifest 
      data/manifests/en/snr_20.jsonl --output-manifest 
      data/predictions/en/snr_20.jsonl --model-name 
      models/facebook/wav2vec2-lv-60-espeak-cv-ft
    deps:
    - path: data/manifests/en/snr_20.jsonl
      hash: md5
      md5: a072d5d505e31e85165a60293c1e9189
      size: 35418
    - path: scripts/inference.py
      hash: md5
      md5: 57c17a8c77b7112ab57f14dce52f3fe1
      size: 3837
    params:
      params.yaml:
        model_name: models/facebook/wav2vec2-lv-60-espeak-cv-ft
    outs:
    - path: data/predictions/en/snr_20.jsonl
      hash: md5
      md5: 16511df0884fb74ce8545b5d0716da6d
      size: 45815
  inference_noisy@en_10:
    cmd: python scripts/inference.py --input-manifest 
      data/manifests/en/snr_10.jsonl --output-manifest 
      data/predictions/en/snr_10.jsonl --model-name 
      models/facebook/wav2vec2-lv-60-espeak-cv-ft
    deps:
    - path: data/manifests/en/snr_10.jsonl
      hash: md5
      md5: 97e2bc236da577a62bd66cf308d9d20a
      size: 35418
    - path: scripts/inference.py
      hash: md5
      md5: 57c17a8c77b7112ab57f14dce52f3fe1
      size: 3837
    params:
      params.yaml:
        model_name: models/facebook/wav2vec2-lv-60-espeak-cv-ft
    outs:
    - path: data/predictions/en/snr_10.jsonl
      hash: md5
      md5: 7d844d14a4216208381b752eb1b02ef7
      size: 44773
  inference_noisy@en_0:
    cmd: python scripts/inference.py --input-manifest 
      data/manifests/en/snr_0.jsonl --output-manifest 
      data/predictions/en/snr_0.jsonl --model-name 
      models/facebook/wav2vec2-lv-60-espeak-cv-ft
    deps:
    - path: data/manifests/en/snr_0.jsonl
      hash: md5
      md5: d0a80d21fa015ed236fb81889ace8d3d
      size: 35218
    - path: scripts/inference.py
      hash: md5
      md5: 57c17a8c77b7112ab57f14dce52f3fe1
      size: 3837
    params:
      params.yaml:
        model_name: models/facebook/wav2vec2-lv-60-espeak-cv-ft
    outs:
    - path: data/predictions/en/snr_0.jsonl
      hash: md5
      md5: 7c5fef99907b5c8b1bfc75bd13173a2a
      size: 42044
  inference_noisy@en_-10:
    cmd: python scripts/inference.py --input-manifest 
      data/manifests/en/snr_-10.jsonl --output-manifest 
      data/predictions/en/snr_-10.jsonl --model-name 
      models/facebook/wav2vec2-lv-60-espeak-cv-ft
    deps:
    - path: data/manifests/en/snr_-10.jsonl
      hash: md5
      md5: e45657029079104cf621f00ebc63c497
      size: 35618
    - path: scripts/inference.py
      hash: md5
      md5: 57c17a8c77b7112ab57f14dce52f3fe1
      size: 3837
    params:
      params.yaml:
        model_name: models/facebook/wav2vec2-lv-60-espeak-cv-ft
    outs:
    - path: data/predictions/en/snr_-10.jsonl
      hash: md5
      md5: 640da527f4eb63dc5c46ba419e37584b
      size: 37587
  inference_noisy@fr_20:
    cmd: python scripts/inference.py --input-manifest 
      data/manifests/fr/snr_20.jsonl --output-manifest 
      data/predictions/fr/snr_20.jsonl --model-name 
      models/facebook/wav2vec2-lv-60-espeak-cv-ft
    deps:
    - path: data/manifests/fr/snr_20.jsonl
      hash: md5
      md5: d475998f666782afeb276c70fd82cb1a
      size: 34003
    - path: scripts/inference.py
      hash: md5
      md5: 57c17a8c77b7112ab57f14dce52f3fe1
      size: 3837
    params:
      params.yaml:
        model_name: models/facebook/wav2vec2-lv-60-espeak-cv-ft
    outs:
    - path: data/predictions/fr/snr_20.jsonl
      hash: md5
      md5: 3f3c9e4aba0bb6d9bb6a14234e4867ef
      size: 42669
  inference_noisy@fr_10:
    cmd: python scripts/inference.py --input-manifest 
      data/manifests/fr/snr_10.jsonl --output-manifest 
      data/predictions/fr/snr_10.jsonl --model-name 
      models/facebook/wav2vec2-lv-60-espeak-cv-ft
    deps:
    - path: data/manifests/fr/snr_10.jsonl
      hash: md5
      md5: 7d89ab9110a48fa74f3262dfe5510f51
      size: 34003
    - path: scripts/inference.py
      hash: md5
      md5: 57c17a8c77b7112ab57f14dce52f3fe1
      size: 3837
    params:
      params.yaml:
        model_name: models/facebook/wav2vec2-lv-60-espeak-cv-ft
    outs:
    - path: data/predictions/fr/snr_10.jsonl
      hash: md5
      md5: 46a32b4f685c790ff417f61970314e5e
      size: 42064
  inference_noisy@fr_0:
    cmd: python scripts/inference.py --input-manifest 
      data/manifests/fr/snr_0.jsonl --output-manifest 
      data/predictions/fr/snr_0.jsonl --model-name 
      models/facebook/wav2vec2-lv-60-espeak-cv-ft
    deps:
    - path: data/manifests/fr/snr_0.jsonl
      hash: md5
      md5: a8175db210893dd2eac426585fb7d55e
      size: 33803
    - path: scripts/inference.py
      hash: md5
      md5: 57c17a8c77b7112ab57f14dce52f3fe1
      size: 3837
    params:
      params.yaml:
        model_name: models/facebook/wav2vec2-lv-60-espeak-cv-ft
    outs:
    - path: data/predictions/fr/snr_0.jsonl
      hash: md5
      md5: e993c9fd7d3c50840a26d12e07674df6
      size: 40050
  inference_noisy@fr_-10:
    cmd: python scripts/inference.py --input-manifest 
      data/manifests/fr/snr_-10.jsonl --output-manifest 
      data/predictions/fr/snr_-10.jsonl --model-name 
      models/facebook/wav2vec2-lv-60-espeak-cv-ft
    deps:
    - path: data/manifests/fr/snr_-10.jsonl
      hash: md5
      md5: b350db73d48f5cdb99d0591f817a4ddf
      size: 34203
    - path: scripts/inference.py
      hash: md5
      md5: 57c17a8c77b7112ab57f14dce52f3fe1
      size: 3837
    params:
      params.yaml:
        model_name: models/facebook/wav2vec2-lv-60-espeak-cv-ft
    outs:
    - path: data/predictions/fr/snr_-10.jsonl
      hash: md5
      md5: cd5a2e3b8ce9d23cec8e007c8dd7c3b5
      size: 36200
  evaluate_noisy@en_20:
    cmd: python scripts/evaluate.py --input-manifest 
      data/predictions/en/snr_20.jsonl --output-metrics metrics/en/snr_20.json
    deps:
    - path: data/predictions/en/snr_20.jsonl
      hash: md5
      md5: 16511df0884fb74ce8545b5d0716da6d
      size: 45815
    - path: scripts/evaluate.py
      hash: md5
      md5: 6fe3a9ecb23460ee58b2d2d93ef56af9
      size: 3011
    outs:
    - path: metrics/en/snr_20.json
      hash: md5
      md5: 34bba01587c29b1ffc95276edbd746e4
      size: 158
  evaluate_noisy@en_10:
    cmd: python scripts/evaluate.py --input-manifest 
      data/predictions/en/snr_10.jsonl --output-metrics metrics/en/snr_10.json
    deps:
    - path: data/predictions/en/snr_10.jsonl
      hash: md5
      md5: 7d844d14a4216208381b752eb1b02ef7
      size: 44773
    - path: scripts/evaluate.py
      hash: md5
      md5: 6fe3a9ecb23460ee58b2d2d93ef56af9
      size: 3011
    outs:
    - path: metrics/en/snr_10.json
      hash: md5
      md5: 55c5de162ba68afafcdb52d91c5e3abc
      size: 158
  evaluate_noisy@en_0:
    cmd: python scripts/evaluate.py --input-manifest 
      data/predictions/en/snr_0.jsonl --output-metrics metrics/en/snr_0.json
    deps:
    - path: data/predictions/en/snr_0.jsonl
      hash: md5
      md5: 7c5fef99907b5c8b1bfc75bd13173a2a
      size: 42044
    - path: scripts/evaluate.py
      hash: md5
      md5: 6fe3a9ecb23460ee58b2d2d93ef56af9
      size: 3011
    outs:
    - path: metrics/en/snr_0.json
      hash: md5
      md5: 74a100047018a92b69bc7fcf93ef585a
      size: 157
  evaluate_noisy@en_-10:
    cmd: python scripts/evaluate.py --input-manifest 
      data/predictions/en/snr_-10.jsonl --output-metrics metrics/en/snr_-10.json
    deps:
    - path: data/predictions/en/snr_-10.jsonl
      hash: md5
      md5: 640da527f4eb63dc5c46ba419e37584b
      size: 37587
    - path: scripts/evaluate.py
      hash: md5
      md5: 6fe3a9ecb23460ee58b2d2d93ef56af9
      size: 3011
    outs:
    - path: metrics/en/snr_-10.json
      hash: md5
      md5: 49c0f853fb07e13a5d0ffcdd0b315bbc
      size: 159
  evaluate_noisy@fr_20:
    cmd: python scripts/evaluate.py --input-manifest 
      data/predictions/fr/snr_20.jsonl --output-metrics metrics/fr/snr_20.json
    deps:
    - path: data/predictions/fr/snr_20.jsonl
      hash: md5
      md5: 3f3c9e4aba0bb6d9bb6a14234e4867ef
      size: 42669
    - path: scripts/evaluate.py
      hash: md5
      md5: 6fe3a9ecb23460ee58b2d2d93ef56af9
      size: 3011
    outs:
    - path: metrics/fr/snr_20.json
      hash: md5
      md5: a578ad06b460bd9e5fd3c11e0155c7b7
      size: 158
  evaluate_noisy@fr_10:
    cmd: python scripts/evaluate.py --input-manifest 
      data/predictions/fr/snr_10.jsonl --output-metrics metrics/fr/snr_10.json
    deps:
    - path: data/predictions/fr/snr_10.jsonl
      hash: md5
      md5: 46a32b4f685c790ff417f61970314e5e
      size: 42064
    - path: scripts/evaluate.py
      hash: md5
      md5: 6fe3a9ecb23460ee58b2d2d93ef56af9
      size: 3011
    outs:
    - path: metrics/fr/snr_10.json
      hash: md5
      md5: 924d48021e2e35b90e3651acc8054e41
      size: 158
  evaluate_noisy@fr_0:
    cmd: python scripts/evaluate.py --input-manifest 
      data/predictions/fr/snr_0.jsonl --output-metrics metrics/fr/snr_0.json
    deps:
    - path: data/predictions/fr/snr_0.jsonl
      hash: md5
      md5: e993c9fd7d3c50840a26d12e07674df6
      size: 40050
    - path: scripts/evaluate.py
      hash: md5
      md5: 6fe3a9ecb23460ee58b2d2d93ef56af9
      size: 3011
    outs:
    - path: metrics/fr/snr_0.json
      hash: md5
      md5: f45bf88c6fe648952e064b347127e911
      size: 157
  evaluate_noisy@fr_-10:
    cmd: python scripts/evaluate.py --input-manifest 
      data/predictions/fr/snr_-10.jsonl --output-metrics metrics/fr/snr_-10.json
    deps:
    - path: data/predictions/fr/snr_-10.jsonl
      hash: md5
      md5: cd5a2e3b8ce9d23cec8e007c8dd7c3b5
      size: 36200
    - path: scripts/evaluate.py
      hash: md5
      md5: 6fe3a9ecb23460ee58b2d2d93ef56af9
      size: 3011
    outs:
    - path: metrics/fr/snr_-10.json
      hash: md5
      md5: 03a821bee692ff7dc132432820d5bdef
      size: 159
